// !$*UTF8*$!
{
	archiveVersion = 1;
	classes = {
	};
	objectVersion = 46;
	objects = {

/* Begin PBXBuildFile section */
		1892C5B61C4F3E4A00487EE2 /* ViewController8.m in Sources */ = {isa = PBXBuildFile; fileRef = 1892C5B51C4F3E4A00487EE2 /* ViewController8.m */; };
		1892C5D81C50DEC900487EE2 /* ViewController9.m in Sources */ = {isa = PBXBuildFile; fileRef = 1892C5D71C50DEC900487EE2 /* ViewController9.m */; };
		18E91FE81C51C4AD00C240A7 /* ViewController10.m in Sources */ = {isa = PBXBuildFile; fileRef = 18E91FE71C51C4AD00C240A7 /* ViewController10.m */; };
		18E91FEB1C51CDC000C240A7 /* ViewController11.m in Sources */ = {isa = PBXBuildFile; fileRef = 18E91FEA1C51CDC000C240A7 /* ViewController11.m */; };
		18F221BA1C48C4AD00784EE9 /* main.m in Sources */ = {isa = PBXBuildFile; fileRef = 18F221B91C48C4AD00784EE9 /* main.m */; };
		18F221BD1C48C4AD00784EE9 /* AppDelegate.m in Sources */ = {isa = PBXBuildFile; fileRef = 18F221BC1C48C4AD00784EE9 /* AppDelegate.m */; };
		18F221C31C48C4AD00784EE9 /* Main.storyboard in Resources */ = {isa = PBXBuildFile; fileRef = 18F221C11C48C4AD00784EE9 /* Main.storyboard */; };
		18F221C51C48C4AD00784EE9 /* Assets.xcassets in Resources */ = {isa = PBXBuildFile; fileRef = 18F221C41C48C4AD00784EE9 /* Assets.xcassets */; };
		18F221C81C48C4AD00784EE9 /* LaunchScreen.storyboard in Resources */ = {isa = PBXBuildFile; fileRef = 18F221C61C48C4AD00784EE9 /* LaunchScreen.storyboard */; };
		18F221D31C48C4AD00784EE9 /* GCDDemoTests.m in Sources */ = {isa = PBXBuildFile; fileRef = 18F221D21C48C4AD00784EE9 /* GCDDemoTests.m */; };
		18F221DE1C48C4AD00784EE9 /* GCDDemoUITests.m in Sources */ = {isa = PBXBuildFile; fileRef = 18F221DD1C48C4AD00784EE9 /* GCDDemoUITests.m */; };
		18F221EE1C48C4EB00784EE9 /* RootViewController.m in Sources */ = {isa = PBXBuildFile; fileRef = 18F221ED1C48C4EB00784EE9 /* RootViewController.m */; };
		18F221F11C48C68800784EE9 /* ViewController1.m in Sources */ = {isa = PBXBuildFile; fileRef = 18F221F01C48C68800784EE9 /* ViewController1.m */; };
		18F221F41C48C6ED00784EE9 /* BaseViewController.m in Sources */ = {isa = PBXBuildFile; fileRef = 18F221F31C48C6ED00784EE9 /* BaseViewController.m */; };
		18F221F71C48CFEB00784EE9 /* ViewController2.m in Sources */ = {isa = PBXBuildFile; fileRef = 18F221F61C48CFEB00784EE9 /* ViewController2.m */; };
		18F221FA1C48D20100784EE9 /* ViewController3.m in Sources */ = {isa = PBXBuildFile; fileRef = 18F221F91C48D20100784EE9 /* ViewController3.m */; };
		18F221FD1C4A25E500784EE9 /* ViewController4.m in Sources */ = {isa = PBXBuildFile; fileRef = 18F221FC1C4A25E500784EE9 /* ViewController4.m */; };
		18F222001C4A32C600784EE9 /* ViewController5.m in Sources */ = {isa = PBXBuildFile; fileRef = 18F221FF1C4A32C600784EE9 /* ViewController5.m */; };
		18F222031C4A3AE200784EE9 /* ViewController6.m in Sources */ = {isa = PBXBuildFile; fileRef = 18F222021C4A3AE200784EE9 /* ViewController6.m */; };
		18F222061C4A3BF700784EE9 /* ViewController7.m in Sources */ = {isa = PBXBuildFile; fileRef = 18F222051C4A3BF700784EE9 /* ViewController7.m */; };
/* End PBXBuildFile section */

/* Begin PBXContainerItemProxy section */
		18F221CF1C48C4AD00784EE9 /* PBXContainerItemProxy */ = {
			isa = PBXContainerItemProxy;
			containerPortal = 18F221AD1C48C4AD00784EE9 /* Project object */;
			proxyType = 1;
			remoteGlobalIDString = 18F221B41C48C4AD00784EE9;
			remoteInfo = GCDDemo;
		};
		18F221DA1C48C4AD00784EE9 /* PBXContainerItemProxy */ = {
			isa = PBXContainerItemProxy;
			containerPortal = 18F221AD1C48C4AD00784EE9 /* Project object */;
			proxyType = 1;
			remoteGlobalIDString = 18F221B41C48C4AD00784EE9;
			remoteInfo = GCDDemo;
		};
/* End PBXContainerItemProxy section */

/* Begin PBXFileReference section */
		1892C5B41C4F3E4A00487EE2 /* ViewController8.h */ = {isa = PBXFileReference; fileEncoding = 4; lastKnownFileType = sourcecode.c.h; path = ViewController8.h; sourceTree = "<group>"; };
		1892C5B51C4F3E4A00487EE2 /* ViewController8.m */ = {isa = PBXFileReference; fileEncoding = 4; lastKnownFileType = sourcecode.c.objc; path = ViewController8.m; sourceTree = "<group>"; };
		1892C5D61C50DEC900487EE2 /* ViewController9.h */ = {isa = PBXFileReference; fileEncoding = 4; lastKnownFileType = sourcecode.c.h; path = ViewController9.h; sourceTree = "<group>"; };
		1892C5D71C50DEC900487EE2 /* ViewController9.m */ = {isa = PBXFileReference; fileEncoding = 4; lastKnownFileType = sourcecode.c.objc; path = ViewController9.m; sourceTree = "<group>"; };
		18E91FE61C51C4AD00C240A7 /* ViewController10.h */ = {isa = PBXFileReference; fileEncoding = 4; lastKnownFileType = sourcecode.c.h; path = ViewController10.h; sourceTree = "<group>"; };
		18E91FE71C51C4AD00C240A7 /* ViewController10.m */ = {isa = PBXFileReference; fileEncoding = 4; lastKnownFileType = sourcecode.c.objc; path = ViewController10.m; sourceTree = "<group>"; };
		18E91FE91C51CDC000C240A7 /* ViewController11.h */ = {isa = PBXFileReference; fileEncoding = 4; lastKnownFileType = sourcecode.c.h; path = ViewController11.h; sourceTree = "<group>"; };
		18E91FEA1C51CDC000C240A7 /* ViewController11.m */ = {isa = PBXFileReference; fileEncoding = 4; lastKnownFileType = sourcecode.c.objc; path = ViewController11.m; sourceTree = "<group>"; };
		18F221B51C48C4AD00784EE9 /* GCDDemo.app */ = {isa = PBXFileReference; explicitFileType = wrapper.application; includeInIndex = 0; path = GCDDemo.app; sourceTree = BUILT_PRODUCTS_DIR; };
		18F221B91C48C4AD00784EE9 /* main.m */ = {isa = PBXFileReference; lastKnownFileType = sourcecode.c.objc; path = main.m; sourceTree = "<group>"; };
		18F221BB1C48C4AD00784EE9 /* AppDelegate.h */ = {isa = PBXFileReference; lastKnownFileType = sourcecode.c.h; path = AppDelegate.h; sourceTree = "<group>"; };
		18F221BC1C48C4AD00784EE9 /* AppDelegate.m */ = {isa = PBXFileReference; lastKnownFileType = sourcecode.c.objc; path = AppDelegate.m; sourceTree = "<group>"; };
		18F221C21C48C4AD00784EE9 /* Base */ = {isa = PBXFileReference; lastKnownFileType = file.storyboard; name = Base; path = Base.lproj/Main.storyboard; sourceTree = "<group>"; };
		18F221C41C48C4AD00784EE9 /* Assets.xcassets */ = {isa = PBXFileReference; lastKnownFileType = folder.assetcatalog; path = Assets.xcassets; sourceTree = "<group>"; };
		18F221C71C48C4AD00784EE9 /* Base */ = {isa = PBXFileReference; lastKnownFileType = file.storyboard; name = Base; path = Base.lproj/LaunchScreen.storyboard; sourceTree = "<group>"; };
		18F221C91C48C4AD00784EE9 /* Info.plist */ = {isa = PBXFileReference; lastKnownFileType = text.plist.xml; path = Info.plist; sourceTree = "<group>"; };
		18F221CE1C48C4AD00784EE9 /* GCDDemoTests.xctest */ = {isa = PBXFileReference; explicitFileType = wrapper.cfbundle; includeInIndex = 0; path = GCDDemoTests.xctest; sourceTree = BUILT_PRODUCTS_DIR; };
		18F221D21C48C4AD00784EE9 /* GCDDemoTests.m */ = {isa = PBXFileReference; lastKnownFileType = sourcecode.c.objc; path = GCDDemoTests.m; sourceTree = "<group>"; };
		18F221D41C48C4AD00784EE9 /* Info.plist */ = {isa = PBXFileReference; lastKnownFileType = text.plist.xml; path = Info.plist; sourceTree = "<group>"; };
		18F221D91C48C4AD00784EE9 /* GCDDemoUITests.xctest */ = {isa = PBXFileReference; explicitFileType = wrapper.cfbundle; includeInIndex = 0; path = GCDDemoUITests.xctest; sourceTree = BUILT_PRODUCTS_DIR; };
		18F221DD1C48C4AD00784EE9 /* GCDDemoUITests.m */ = {isa = PBXFileReference; lastKnownFileType = sourcecode.c.objc; path = GCDDemoUITests.m; sourceTree = "<group>"; };
		18F221DF1C48C4AD00784EE9 /* Info.plist */ = {isa = PBXFileReference; lastKnownFileType = text.plist.xml; path = Info.plist; sourceTree = "<group>"; };
		18F221EC1C48C4EB00784EE9 /* RootViewController.h */ = {isa = PBXFileReference; fileEncoding = 4; lastKnownFileType = sourcecode.c.h; path = RootViewController.h; sourceTree = "<group>"; };
		18F221ED1C48C4EB00784EE9 /* RootViewController.m */ = {isa = PBXFileReference; fileEncoding = 4; lastKnownFileType = sourcecode.c.objc; path = RootViewController.m; sourceTree = "<group>"; };
		18F221EF1C48C68800784EE9 /* ViewController1.h */ = {isa = PBXFileReference; fileEncoding = 4; lastKnownFileType = sourcecode.c.h; path = ViewController1.h; sourceTree = "<group>"; };
		18F221F01C48C68800784EE9 /* ViewController1.m */ = {isa = PBXFileReference; fileEncoding = 4; lastKnownFileType = sourcecode.c.objc; path = ViewController1.m; sourceTree = "<group>"; };
		18F221F21C48C6ED00784EE9 /* BaseViewController.h */ = {isa = PBXFileReference; fileEncoding = 4; lastKnownFileType = sourcecode.c.h; path = BaseViewController.h; sourceTree = "<group>"; };
		18F221F31C48C6ED00784EE9 /* BaseViewController.m */ = {isa = PBXFileReference; fileEncoding = 4; lastKnownFileType = sourcecode.c.objc; path = BaseViewController.m; sourceTree = "<group>"; };
		18F221F51C48CFEB00784EE9 /* ViewController2.h */ = {isa = PBXFileReference; fileEncoding = 4; lastKnownFileType = sourcecode.c.h; path = ViewController2.h; sourceTree = "<group>"; };
		18F221F61C48CFEB00784EE9 /* ViewController2.m */ = {isa = PBXFileReference; fileEncoding = 4; lastKnownFileType = sourcecode.c.objc; path = ViewController2.m; sourceTree = "<group>"; };
		18F221F81C48D20100784EE9 /* ViewController3.h */ = {isa = PBXFileReference; fileEncoding = 4; lastKnownFileType = sourcecode.c.h; path = ViewController3.h; sourceTree = "<group>"; };
		18F221F91C48D20100784EE9 /* ViewController3.m */ = {isa = PBXFileReference; fileEncoding = 4; lastKnownFileType = sourcecode.c.objc; path = ViewController3.m; sourceTree = "<group>"; };
		18F221FB1C4A25E500784EE9 /* ViewController4.h */ = {isa = PBXFileReference; fileEncoding = 4; lastKnownFileType = sourcecode.c.h; path = ViewController4.h; sourceTree = "<group>"; };
		18F221FC1C4A25E500784EE9 /* ViewController4.m */ = {isa = PBXFileReference; fileEncoding = 4; lastKnownFileType = sourcecode.c.objc; path = ViewController4.m; sourceTree = "<group>"; };
		18F221FE1C4A32C600784EE9 /* ViewController5.h */ = {isa = PBXFileReference; fileEncoding = 4; lastKnownFileType = sourcecode.c.h; path = ViewController5.h; sourceTree = "<group>"; };
		18F221FF1C4A32C600784EE9 /* ViewController5.m */ = {isa = PBXFileReference; fileEncoding = 4; lastKnownFileType = sourcecode.c.objc; path = ViewController5.m; sourceTree = "<group>"; };
		18F222011C4A3AE200784EE9 /* ViewController6.h */ = {isa = PBXFileReference; fileEncoding = 4; lastKnownFileType = sourcecode.c.h; path = ViewController6.h; sourceTree = "<group>"; };
		18F222021C4A3AE200784EE9 /* ViewController6.m */ = {isa = PBXFileReference; fileEncoding = 4; lastKnownFileType = sourcecode.c.objc; path = ViewController6.m; sourceTree = "<group>"; };
		18F222041C4A3BF700784EE9 /* ViewController7.h */ = {isa = PBXFileReference; fileEncoding = 4; lastKnownFileType = sourcecode.c.h; path = ViewController7.h; sourceTree = "<group>"; };
		18F222051C4A3BF700784EE9 /* ViewController7.m */ = {isa = PBXFileReference; fileEncoding = 4; lastKnownFileType = sourcecode.c.objc; path = ViewController7.m; sourceTree = "<group>"; };
/* End PBXFileReference section */

/* Begin PBXFrameworksBuildPhase section */
		18F221B21C48C4AD00784EE9 /* Frameworks */ = {
			isa = PBXFrameworksBuildPhase;
			buildActionMask = 2147483647;
			files = (
			);
			runOnlyForDeploymentPostprocessing = 0;
		};
		18F221CB1C48C4AD00784EE9 /* Frameworks */ = {
			isa = PBXFrameworksBuildPhase;
			buildActionMask = 2147483647;
			files = (
			);
			runOnlyForDeploymentPostprocessing = 0;
		};
		18F221D61C48C4AD00784EE9 /* Frameworks */ = {
			isa = PBXFrameworksBuildPhase;
			buildActionMask = 2147483647;
			files = (
			);
			runOnlyForDeploymentPostprocessing = 0;
		};
/* End PBXFrameworksBuildPhase section */

/* Begin PBXGroup section */
		18F221AC1C48C4AD00784EE9 = {
			isa = PBXGroup;
			children = (
				18F221B71C48C4AD00784EE9 /* GCDDemo */,
				18F221D11C48C4AD00784EE9 /* GCDDemoTests */,
				18F221DC1C48C4AD00784EE9 /* GCDDemoUITests */,
				18F221B61C48C4AD00784EE9 /* Products */,
			);
			sourceTree = "<group>";
		};
		18F221B61C48C4AD00784EE9 /* Products */ = {
			isa = PBXGroup;
			children = (
				18F221B51C48C4AD00784EE9 /* GCDDemo.app */,
				18F221CE1C48C4AD00784EE9 /* GCDDemoTests.xctest */,
				18F221D91C48C4AD00784EE9 /* GCDDemoUITests.xctest */,
			);
			name = Products;
			sourceTree = "<group>";
		};
		18F221B71C48C4AD00784EE9 /* GCDDemo */ = {
			isa = PBXGroup;
			children = (
				18F221EB1C48C4C100784EE9 /* ViewControllers */,
				18F221BB1C48C4AD00784EE9 /* AppDelegate.h */,
				18F221BC1C48C4AD00784EE9 /* AppDelegate.m */,
				18F221C11C48C4AD00784EE9 /* Main.storyboard */,
				18F221C41C48C4AD00784EE9 /* Assets.xcassets */,
				18F221C61C48C4AD00784EE9 /* LaunchScreen.storyboard */,
				18F221C91C48C4AD00784EE9 /* Info.plist */,
				18F221B81C48C4AD00784EE9 /* Supporting Files */,
			);
			path = GCDDemo;
			sourceTree = "<group>";
		};
		18F221B81C48C4AD00784EE9 /* Supporting Files */ = {
			isa = PBXGroup;
			children = (
				18F221B91C48C4AD00784EE9 /* main.m */,
			);
			name = "Supporting Files";
			sourceTree = "<group>";
		};
		18F221D11C48C4AD00784EE9 /* GCDDemoTests */ = {
			isa = PBXGroup;
			children = (
				18F221D21C48C4AD00784EE9 /* GCDDemoTests.m */,
				18F221D41C48C4AD00784EE9 /* Info.plist */,
			);
			path = GCDDemoTests;
			sourceTree = "<group>";
		};
		18F221DC1C48C4AD00784EE9 /* GCDDemoUITests */ = {
			isa = PBXGroup;
			children = (
				18F221DD1C48C4AD00784EE9 /* GCDDemoUITests.m */,
				18F221DF1C48C4AD00784EE9 /* Info.plist */,
			);
			path = GCDDemoUITests;
			sourceTree = "<group>";
		};
		18F221EB1C48C4C100784EE9 /* ViewControllers */ = {
			isa = PBXGroup;
			children = (
				18F221F21C48C6ED00784EE9 /* BaseViewController.h */,
				18F221F31C48C6ED00784EE9 /* BaseViewController.m */,
				18F221EC1C48C4EB00784EE9 /* RootViewController.h */,
				18F221ED1C48C4EB00784EE9 /* RootViewController.m */,
				18F221EF1C48C68800784EE9 /* ViewController1.h */,
				18F221F01C48C68800784EE9 /* ViewController1.m */,
				18F221F51C48CFEB00784EE9 /* ViewController2.h */,
				18F221F61C48CFEB00784EE9 /* ViewController2.m */,
				18F221F81C48D20100784EE9 /* ViewController3.h */,
				18F221F91C48D20100784EE9 /* ViewController3.m */,
				18F221FB1C4A25E500784EE9 /* ViewController4.h */,
				18F221FC1C4A25E500784EE9 /* ViewController4.m */,
				18F221FE1C4A32C600784EE9 /* ViewController5.h */,
				18F221FF1C4A32C600784EE9 /* ViewController5.m */,
				18F222011C4A3AE200784EE9 /* ViewController6.h */,
				18F222021C4A3AE200784EE9 /* ViewController6.m */,
				18F222041C4A3BF700784EE9 /* ViewController7.h */,
				18F222051C4A3BF700784EE9 /* ViewController7.m */,
				1892C5B41C4F3E4A00487EE2 /* ViewController8.h */,
				1892C5B51C4F3E4A00487EE2 /* ViewController8.m */,
				1892C5D61C50DEC900487EE2 /* ViewController9.h */,
				1892C5D71C50DEC900487EE2 /* ViewController9.m */,
				18E91FE61C51C4AD00C240A7 /* ViewController10.h */,
				18E91FE71C51C4AD00C240A7 /* ViewController10.m */,
				18E91FE91C51CDC000C240A7 /* ViewController11.h */,
				18E91FEA1C51CDC000C240A7 /* ViewController11.m */,
			);
			name = ViewControllers;
			sourceTree = "<group>";
		};
/* End PBXGroup section */

/* Begin PBXNativeTarget section */
		18F221B41C48C4AD00784EE9 /* GCDDemo */ = {
			isa = PBXNativeTarget;
			buildConfigurationList = 18F221E21C48C4AD00784EE9 /* Build configuration list for PBXNativeTarget "GCDDemo" */;
			buildPhases = (
				18F221B11C48C4AD00784EE9 /* Sources */,
				18F221B21C48C4AD00784EE9 /* Frameworks */,
				18F221B31C48C4AD00784EE9 /* Resources */,
			);
			buildRules = (
			);
			dependencies = (
			);
			name = GCDDemo;
			productName = GCDDemo;
			productReference = 18F221B51C48C4AD00784EE9 /* GCDDemo.app */;
			productType = "com.apple.product-type.application";
		};
		18F221CD1C48C4AD00784EE9 /* GCDDemoTests */ = {
			isa = PBXNativeTarget;
			buildConfigurationList = 18F221E51C48C4AD00784EE9 /* Build configuration list for PBXNativeTarget "GCDDemoTests" */;
			buildPhases = (
				18F221CA1C48C4AD00784EE9 /* Sources */,
				18F221CB1C48C4AD00784EE9 /* Frameworks */,
				18F221CC1C48C4AD00784EE9 /* Resources */,
			);
			buildRules = (
			);
			dependencies = (
				18F221D01C48C4AD00784EE9 /* PBXTargetDependency */,
			);
			name = GCDDemoTests;
			productName = GCDDemoTests;
			productReference = 18F221CE1C48C4AD00784EE9 /* GCDDemoTests.xctest */;
			productType = "com.apple.product-type.bundle.unit-test";
		};
		18F221D81C48C4AD00784EE9 /* GCDDemoUITests */ = {
			isa = PBXNativeTarget;
			buildConfigurationList = 18F221E81C48C4AD00784EE9 /* Build configuration list for PBXNativeTarget "GCDDemoUITests" */;
			buildPhases = (
				18F221D51C48C4AD00784EE9 /* Sources */,
				18F221D61C48C4AD00784EE9 /* Frameworks */,
				18F221D71C48C4AD00784EE9 /* Resources */,
			);
			buildRules = (
			);
			dependencies = (
				18F221DB1C48C4AD00784EE9 /* PBXTargetDependency */,
			);
			name = GCDDemoUITests;
			productName = GCDDemoUITests;
			productReference = 18F221D91C48C4AD00784EE9 /* GCDDemoUITests.xctest */;
			productType = "com.apple.product-type.bundle.ui-testing";
		};
/* End PBXNativeTarget section */

/* Begin PBXProject section */
		18F221AD1C48C4AD00784EE9 /* Project object */ = {
			isa = PBXProject;
			attributes = {
				LastUpgradeCheck = 0720;
				ORGANIZATIONNAME = MyCompany;
				TargetAttributes = {
					18F221B41C48C4AD00784EE9 = {
						CreatedOnToolsVersion = 7.2;
					};
					18F221CD1C48C4AD00784EE9 = {
						CreatedOnToolsVersion = 7.2;
						TestTargetID = 18F221B41C48C4AD00784EE9;
					};
					18F221D81C48C4AD00784EE9 = {
						CreatedOnToolsVersion = 7.2;
						TestTargetID = 18F221B41C48C4AD00784EE9;
					};
				};
			};
			buildConfigurationList = 18F221B01C48C4AD00784EE9 /* Build configuration list for PBXProject "GCDDemo" */;
			compatibilityVersion = "Xcode 3.2";
			developmentRegion = English;
			hasScannedForEncodings = 0;
			knownRegions = (
				en,
				Base,
			);
			mainGroup = 18F221AC1C48C4AD00784EE9;
			productRefGroup = 18F221B61C48C4AD00784EE9 /* Products */;
			projectDirPath = "";
			projectRoot = "";
			targets = (
				18F221B41C48C4AD00784EE9 /* GCDDemo */,
				18F221CD1C48C4AD00784EE9 /* GCDDemoTests */,
				18F221D81C48C4AD00784EE9 /* GCDDemoUITests */,
			);
		};
/* End PBXProject section */

/* Begin PBXResourcesBuildPhase section */
		18F221B31C48C4AD00784EE9 /* Resources */ = {
			isa = PBXResourcesBuildPhase;
			buildActionMask = 2147483647;
			files = (
				18F221C81C48C4AD00784EE9 /* LaunchScreen.storyboard in Resources */,
				18F221C51C48C4AD00784EE9 /* Assets.xcassets in Resources */,
				18F221C31C48C4AD00784EE9 /* Main.storyboard in Resources */,
			);
			runOnlyForDeploymentPostprocessing = 0;
		};
		18F221CC1C48C4AD00784EE9 /* Resources */ = {
			isa = PBXResourcesBuildPhase;
			buildActionMask = 2147483647;
			files = (
			);
			runOnlyForDeploymentPostprocessing = 0;
		};
		18F221D71C48C4AD00784EE9 /* Resources */ = {
			isa = PBXResourcesBuildPhase;
			buildActionMask = 2147483647;
			files = (
			);
			runOnlyForDeploymentPostprocessing = 0;
		};
/* End PBXResourcesBuildPhase section */

/* Begin PBXSourcesBuildPhase section */
		18F221B11C48C4AD00784EE9 /* Sources */ = {
			isa = PBXSourcesBuildPhase;
			buildActionMask = 2147483647;
			files = (
				1892C5D81C50DEC900487EE2 /* ViewController9.m in Sources */,
				18F221F11C48C68800784EE9 /* ViewController1.m in Sources */,
				18F221F41C48C6ED00784EE9 /* BaseViewController.m in Sources */,
				18F221BD1C48C4AD00784EE9 /* AppDelegate.m in Sources */,
				18F221BA1C48C4AD00784EE9 /* main.m in Sources */,
				18E91FEB1C51CDC000C240A7 /* ViewController11.m in Sources */,
				18E91FE81C51C4AD00C240A7 /* ViewController10.m in Sources */,
				18F221EE1C48C4EB00784EE9 /* RootViewController.m in Sources */,
				18F222061C4A3BF700784EE9 /* ViewController7.m in Sources */,
				18F222031C4A3AE200784EE9 /* ViewController6.m in Sources */,
				18F222001C4A32C600784EE9 /* ViewController5.m in Sources */,
				18F221F71C48CFEB00784EE9 /* ViewController2.m in Sources */,
				18F221FA1C48D20100784EE9 /* ViewController3.m in Sources */,
				18F221FD1C4A25E500784EE9 /* ViewController4.m in Sources */,
				1892C5B61C4F3E4A00487EE2 /* ViewController8.m in Sources */,
			);
			runOnlyForDeploymentPostprocessing = 0;
		};
		18F221CA1C48C4AD00784EE9 /* Sources */ = {
			isa = PBXSourcesBuildPhase;
			buildActionMask = 2147483647;
			files = (
				18F221D31C48C4AD00784EE9 /* GCDDemoTests.m in Sources */,
			);
			runOnlyForDeploymentPostprocessing = 0;
		};
		18F221D51C48C4AD00784EE9 /* Sources */ = {
			isa = PBXSourcesBuildPhase;
			buildActionMask = 2147483647;
			files = (
				18F221DE1C48C4AD00784EE9 /* GCDDemoUITests.m in Sources */,
			);
			runOnlyForDeploymentPostprocessing = 0;
		};
/* End PBXSourcesBuildPhase section */

/* Begin PBXTargetDependency section */
		18F221D01C48C4AD00784EE9 /* PBXTargetDependency */ = {
			isa = PBXTargetDependency;
			target = 18F221B41C48C4AD00784EE9 /* GCDDemo */;
			targetProxy = 18F221CF1C48C4AD00784EE9 /* PBXContainerItemProxy */;
		};
		18F221DB1C48C4AD00784EE9 /* PBXTargetDependency */ = {
			isa = PBXTargetDependency;
			target = 18F221B41C48C4AD00784EE9 /* GCDDemo */;
			targetProxy = 18F221DA1C48C4AD00784EE9 /* PBXContainerItemProxy */;
		};
/* End PBXTargetDependency section */

/* Begin PBXVariantGroup section */
		18F221C11C48C4AD00784EE9 /* Main.storyboard */ = {
			isa = PBXVariantGroup;
			children = (
				18F221C21C48C4AD00784EE9 /* Base */,
			);
			name = Main.storyboard;
			sourceTree = "<group>";
		};
		18F221C61C48C4AD00784EE9 /* LaunchScreen.storyboard */ = {
			isa = PBXVariantGroup;
			children = (
				18F221C71C48C4AD00784EE9 /* Base */,
			);
			name = LaunchScreen.storyboard;
			sourceTree = "<group>";
		};
/* End PBXVariantGroup section */

/* Begin XCBuildConfiguration section */
		18F221E01C48C4AD00784EE9 /* Debug */ = {
			isa = XCBuildConfiguration;
			buildSettings = {
				ALWAYS_SEARCH_USER_PATHS = NO;
				CLANG_CXX_LANGUAGE_STANDARD = "gnu++0x";
				CLANG_CXX_LIBRARY = "libc++";
				CLANG_ENABLE_MODULES = YES;
				CLANG_ENABLE_OBJC_ARC = YES;
				CLANG_WARN_BOOL_CONVERSION = YES;
				CLANG_WARN_CONSTANT_CONVERSION = YES;
				CLANG_WARN_DIRECT_OBJC_ISA_USAGE = YES_ERROR;
				CLANG_WARN_EMPTY_BODY = YES;
				CLANG_WARN_ENUM_CONVERSION = YES;
				CLANG_WARN_INT_CONVERSION = YES;
				CLANG_WARN_OBJC_ROOT_CLASS = YES_ERROR;
				CLANG_WARN_UNREACHABLE_CODE = YES;
				CLANG_WARN__DUPLICATE_METHOD_MATCH = YES;
				"CODE_SIGN_IDENTITY[sdk=iphoneos*]" = "iPhone Developer";
				COPY_PHASE_STRIP = NO;
				DEBUG_INFORMATION_FORMAT = dwarf;
				ENABLE_STRICT_OBJC_MSGSEND = YES;
				ENABLE_TESTABILITY = YES;
				GCC_C_LANGUAGE_STANDARD = gnu99;
				GCC_DYNAMIC_NO_PIC = NO;
				GCC_NO_COMMON_BLOCKS = YES;
				GCC_OPTIMIZATION_LEVEL = 0;
				GCC_PREPROCESSOR_DEFINITIONS = (
					"DEBUG=1",
					"$(inherited)",
				);
				GCC_WARN_64_TO_32_BIT_CONVERSION = YES;
				GCC_WARN_ABOUT_RETURN_TYPE = YES_ERROR;
				GCC_WARN_UNDECLARED_SELECTOR = YES;
				GCC_WARN_UNINITIALIZED_AUTOS = YES_AGGRESSIVE;
				GCC_WARN_UNUSED_FUNCTION = YES;
				GCC_WARN_UNUSED_VARIABLE = YES;
				IPHONEOS_DEPLOYMENT_TARGET = 9.2;
				MTL_ENABLE_DEBUG_INFO = YES;
				ONLY_ACTIVE_ARCH = YES;
				SDKROOT = iphoneos;
			};
			name = Debug;
		};
		18F221E11C48C4AD00784EE9 /* Release */ = {
			isa = XCBuildConfiguration;
			buildSettings = {
				ALWAYS_SEARCH_USER_PATHS = NO;
				CLANG_CXX_LANGUAGE_STANDARD = "gnu++0x";
				CLANG_CXX_LIBRARY = "libc++";
				CLANG_ENABLE_MODULES = YES;
				CLANG_ENABLE_OBJC_ARC = YES;
				CLANG_WARN_BOOL_CONVERSION = YES;
				CLANG_WARN_CONSTANT_CONVERSION = YES;
				CLANG_WARN_DIRECT_OBJC_ISA_USAGE = YES_ERROR;
				CLANG_WARN_EMPTY_BODY = YES;
				CLANG_WARN_ENUM_CONVERSION = YES;
				CLANG_WARN_INT_CONVERSION = YES;
				CLANG_WARN_OBJC_ROOT_CLASS = YES_ERROR;
				CLANG_WARN_UNREACHABLE_CODE = YES;
				CLANG_WARN__DUPLICATE_METHOD_MATCH = YES;
				"CODE_SIGN_IDENTITY[sdk=iphoneos*]" = "iPhone Developer";
				COPY_PHASE_STRIP = NO;
				DEBUG_INFORMATION_FORMAT = "dwarf-with-dsym";
				ENABLE_NS_ASSERTIONS = NO;
				ENABLE_STRICT_OBJC_MSGSEND = YES;
				GCC_C_LANGUAGE_STANDARD = gnu99;
				GCC_NO_COMMON_BLOCKS = YES;
				GCC_WARN_64_TO_32_BIT_CONVERSION = YES;
				GCC_WARN_ABOUT_RETURN_TYPE = YES_ERROR;
				GCC_WARN_UNDECLARED_SELECTOR = YES;
				GCC_WARN_UNINITIALIZED_AUTOS = YES_AGGRESSIVE;
				GCC_WARN_UNUSED_FUNCTION = YES;
				GCC_WARN_UNUSED_VARIABLE = YES;
				IPHONEOS_DEPLOYMENT_TARGET = 9.2;
				MTL_ENABLE_DEBUG_INFO = NO;
				SDKROOT = iphoneos;
				VALIDATE_PRODUCT = YES;
			};
			name = Release;
		};
		18F221E31C48C4AD00784EE9 /* Debug */ = {
			isa = XCBuildConfiguration;
			buildSettings = {
				ASSETCATALOG_COMPILER_APPICON_NAME = AppIcon;
				INFOPLIST_FILE = GCDDemo/Info.plist;
				LD_RUNPATH_SEARCH_PATHS = "$(inherited) @executable_path/Frameworks";
				PRODUCT_BUNDLE_IDENTIFIER = wukong.GCDDemo;
				PRODUCT_NAME = "$(TARGET_NAME)";
			};
			name = Debug;
		};
		18F221E41C48C4AD00784EE9 /* Release */ = {
			isa = XCBuildConfiguration;
			buildSettings = {
				ASSETCATALOG_COMPILER_APPICON_NAME = AppIcon;
				INFOPLIST_FILE = GCDDemo/Info.plist;
				LD_RUNPATH_SEARCH_PATHS = "$(inherited) @executable_path/Frameworks";
				PRODUCT_BUNDLE_IDENTIFIER = wukong.GCDDemo;
				PRODUCT_NAME = "$(TARGET_NAME)";
			};
			name = Release;
		};
		18F221E61C48C4AD00784EE9 /* Debug */ = {
			isa = XCBuildConfiguration;
			buildSettings = {
				BUNDLE_LOADER = "$(TEST_HOST)";
				INFOPLIST_FILE = GCDDemoTests/Info.plist;
				LD_RUNPATH_SEARCH_PATHS = "$(inherited) @executable_path/Frameworks @loader_path/Frameworks";
				PRODUCT_BUNDLE_IDENTIFIER = wukong.GCDDemoTests;
				PRODUCT_NAME = "$(TARGET_NAME)";
				TEST_HOST = "$(BUILT_PRODUCTS_DIR)/GCDDemo.app/GCDDemo";
			};
			name = Debug;
		};
		18F221E71C48C4AD00784EE9 /* Release */ = {
			isa = XCBuildConfiguration;
			buildSettings = {
				BUNDLE_LOADER = "$(TEST_HOST)";
				INFOPLIST_FILE = GCDDemoTests/Info.plist;
				LD_RUNPATH_SEARCH_PATHS = "$(inherited) @executable_path/Frameworks @loader_path/Frameworks";
				PRODUCT_BUNDLE_IDENTIFIER = wukong.GCDDemoTests;
				PRODUCT_NAME = "$(TARGET_NAME)";
				TEST_HOST = "$(BUILT_PRODUCTS_DIR)/GCDDemo.app/GCDDemo";
			};
			name = Release;
		};
		18F221E91C48C4AD00784EE9 /* Debug */ = {
			isa = XCBuildConfiguration;
			buildSettings = {
				INFOPLIST_FILE = GCDDemoUITests/Info.plist;
				LD_RUNPATH_SEARCH_PATHS = "$(inherited) @executable_path/Frameworks @loader_path/Frameworks";
				PRODUCT_BUNDLE_IDENTIFIER = wukong.GCDDemoUITests;
				PRODUCT_NAME = "$(TARGET_NAME)";
				TEST_TARGET_NAME = GCDDemo;
				USES_XCTRUNNER = YES;
			};
			name = Debug;
		};
		18F221EA1C48C4AD00784EE9 /* Release */ = {
			isa = XCBuildConfiguration;
			buildSettings = {
				INFOPLIST_FILE = GCDDemoUITests/Info.plist;
				LD_RUNPATH_SEARCH_PATHS = "$(inherited) @executable_path/Frameworks @loader_path/Frameworks";
				PRODUCT_BUNDLE_IDENTIFIER = wukong.GCDDemoUITests;
				PRODUCT_NAME = "$(TARGET_NAME)";
				TEST_TARGET_NAME = GCDDemo;
				USES_XCTRUNNER = YES;
			};
			name = Release;
		};
/* End XCBuildConfiguration section */

/* Begin XCConfigurationList section */
		18F221B01C48C4AD00784EE9 /* Build configuration list for PBXProject "GCDDemo" */ = {
			isa = XCConfigurationList;
			buildConfigurations = (
				18F221E01C48C4AD00784EE9 /* Debug */,
				18F221E11C48C4AD00784EE9 /* Release */,
			);
			defaultConfigurationIsVisible = 0;
			defaultConfigurationName = Release;
		};
		18F221E21C48C4AD00784EE9 /* Build configuration list for PBXNativeTarget "GCDDemo" */ = {
			isa = XCConfigurationList;
			buildConfigurations = (
				18F221E31C48C4AD00784EE9 /* Debug */,
				18F221E41C48C4AD00784EE9 /* Release */,
			);
			defaultConfigurationIsVisible = 0;
			defaultConfigurationName = Release;
		};
		18F221E51C48C4AD00784EE9 /* Build configuration list for PBXNativeTarget "GCDDemoTests" */ = {
			isa = XCConfigurationList;
			buildConfigurations = (
				18F221E61C48C4AD00784EE9 /* Debug */,
				18F221E71C48C4AD00784EE9 /* Release */,
			);
			defaultConfigurationIsVisible = 0;
			defaultConfigurationName = Release;
		};
		18F221E81C48C4AD00784EE9 /* Build configuration list for PBXNativeTarget "GCDDemoUITests" */ = {
			isa = XCConfigurationList;
			buildConfigurations = (
				18F221E91C48C4AD00784EE9 /* Debug */,
				18F221EA1C48C4AD00784EE9 /* Release */,
			);
			defaultConfigurationIsVisible = 0;
			defaultConfigurationName = Release;
		};
/* End XCConfigurationList section */
	};
	rootObject = 18F221AD1C48C4AD00784EE9 /* Project object */;
}
